
Microsoft Visual Studio Solution File, Format Version 12.00
# Visual Studio Version 16
VisualStudioVersion = 16.0.29509.3
MinimumVisualStudioVersion = 10.0.40219.1
Project("{9A19103F-16F7-4668-BE54-9A1E7A4F7556}") = "ElectionGuard.WebAPI", "ElectionGuard.WebAPI\ElectionGuard.WebAPI.csproj", "{F1B94E0E-D5FF-4839-B61D-ECEF992C28A3}"
EndProject
Project("{FAE04EC0-301F-11D3-BF4B-00C04F79EFBC}") = "VotingWorks.Ballot", "VotingWorks.Ballot\VotingWorks.Ballot.csproj", "{8C22B302-BAC5-4965-AB6B-457282F57177}"
EndProject
Project("{FAE04EC0-301F-11D3-BF4B-00C04F79EFBC}") = "ElectionGuard.Tools.Tests", "ElectionGuard.Tools.Tests\ElectionGuard.Tools.Tests.csproj", "{3AC46334-3E1C-4A76-9AB8-4E32BCEB41C2}"
EndProject
Project("{FAE04EC0-301F-11D3-BF4B-00C04F79EFBC}") = "ElectionGuard.Tools", "ElectionGuard.Tools\ElectionGuard.Tools.csproj", "{B03C19E3-BE53-466E-9436-24C2B2D206F3}"
EndProject
Global
	GlobalSection(SolutionConfigurationPlatforms) = preSolution
		Debug|Any CPU = Debug|Any CPU
		Release|Any CPU = Release|Any CPU
	EndGlobalSection
	GlobalSection(ProjectConfigurationPlatforms) = postSolution
		{F1B94E0E-D5FF-4839-B61D-ECEF992C28A3}.Debug|Any CPU.ActiveCfg = Debug|Any CPU
		{F1B94E0E-D5FF-4839-B61D-ECEF992C28A3}.Debug|Any CPU.Build.0 = Debug|Any CPU
		{F1B94E0E-D5FF-4839-B61D-ECEF992C28A3}.Release|Any CPU.ActiveCfg = Release|Any CPU
		{F1B94E0E-D5FF-4839-B61D-ECEF992C28A3}.Release|Any CPU.Build.0 = Release|Any CPU
		{8C22B302-BAC5-4965-AB6B-457282F57177}.Debug|Any CPU.ActiveCfg = Debug|Any CPU
		{8C22B302-BAC5-4965-AB6B-457282F57177}.Debug|Any CPU.Build.0 = Debug|Any CPU
		{8C22B302-BAC5-4965-AB6B-457282F57177}.Release|Any CPU.ActiveCfg = Release|Any CPU
		{8C22B302-BAC5-4965-AB6B-457282F57177}.Release|Any CPU.Build.0 = Release|Any CPU
		{3AC46334-3E1C-4A76-9AB8-4E32BCEB41C2}.Debug|Any CPU.ActiveCfg = Debug|Any CPU
		{3AC46334-3E1C-4A76-9AB8-4E32BCEB41C2}.Debug|Any CPU.Build.0 = Debug|Any CPU
		{3AC46334-3E1C-4A76-9AB8-4E32BCEB41C2}.Release|Any CPU.ActiveCfg = Release|Any CPU
		{3AC46334-3E1C-4A76-9AB8-4E32BCEB41C2}.Release|Any CPU.Build.0 = Release|Any CPU
		{B03C19E3-BE53-466E-9436-24C2B2D206F3}.Debug|Any CPU.ActiveCfg = Debug|Any CPU
		{B03C19E3-BE53-466E-9436-24C2B2D206F3}.Debug|Any CPU.Build.0 = Debug|Any CPU
		{B03C19E3-BE53-466E-9436-24C2B2D206F3}.Release|Any CPU.ActiveCfg = Release|Any CPU
		{B03C19E3-BE53-466E-9436-24C2B2D206F3}.Release|Any CPU.Build.0 = Release|Any CPU
	EndGlobalSection
	GlobalSection(SolutionProperties) = preSolution
		HideSolutionNode = FALSE
	EndGlobalSection
	GlobalSection(ExtensibilityGlobals) = postSolution
		SolutionGuid = {AAC6A512-A84B-4A28-97EE-8A45679399D5}
	EndGlobalSection
EndGlobal
